
Microsoft Visual Studio Solution File, Format Version 12.00
# Visual Studio Version 17
VisualStudioVersion = 17.14.36623.8 d17.14
MinimumVisualStudioVersion = 10.0.40219.1
Project("{FAE04EC0-301F-11D3-BF4B-00C04F79EFBC}") = "BackendKanban", "BackendKanban\BackendKanban.csproj", "{8A18E244-850F-4EDA-9CD7-9A9FA0BA32E8}"
EndProject
Global
	GlobalSection(SolutionConfigurationPlatforms) = preSolution
		Debug|Any CPU = Debug|Any CPU
		Release|Any CPU = Release|Any CPU
	EndGlobalSection
	GlobalSection(ProjectConfigurationPlatforms) = postSolution
		{8A18E244-850F-4EDA-9CD7-9A9FA0BA32E8}.Debug|Any CPU.ActiveCfg = Debug|Any CPU
		{8A18E244-850F-4EDA-9CD7-9A9FA0BA32E8}.Debug|Any CPU.Build.0 = Debug|Any CPU
		{8A18E244-850F-4EDA-9CD7-9A9FA0BA32E8}.Release|Any CPU.ActiveCfg = Release|Any CPU
		{8A18E244-850F-4EDA-9CD7-9A9FA0BA32E8}.Release|Any CPU.Build.0 = Release|Any CPU
	EndGlobalSection
	GlobalSection(SolutionProperties) = preSolution
		HideSolutionNode = FALSE
	EndGlobalSection
	GlobalSection(ExtensibilityGlobals) = postSolution
		SolutionGuid = {FCFE8406-3250-436D-B18E-7B2E563EB401}
	EndGlobalSection
EndGlobal
